
Microsoft Visual Studio Solution File, Format Version 12.00
# Visual Studio Version 17
VisualStudioVersion = 17.7.34024.191
MinimumVisualStudioVersion = 10.0.40219.1
Project("{FAE04EC0-301F-11D3-BF4B-00C04F79EFBC}") = "RegistroPersonas", "RegistroPersonas\RegistroPersonas.csproj", "{B78CF020-D626-4258-A75D-B015AAE81B2A}"
EndProject
Global
	GlobalSection(SolutionConfigurationPlatforms) = preSolution
		Debug|Any CPU = Debug|Any CPU
		Release|Any CPU = Release|Any CPU
	EndGlobalSection
	GlobalSection(ProjectConfigurationPlatforms) = postSolution
		{B78CF020-D626-4258-A75D-B015AAE81B2A}.Debug|Any CPU.ActiveCfg = Debug|Any CPU
		{B78CF020-D626-4258-A75D-B015AAE81B2A}.Debug|Any CPU.Build.0 = Debug|Any CPU
		{B78CF020-D626-4258-A75D-B015AAE81B2A}.Release|Any CPU.ActiveCfg = Release|Any CPU
		{B78CF020-D626-4258-A75D-B015AAE81B2A}.Release|Any CPU.Build.0 = Release|Any CPU
	EndGlobalSection
	GlobalSection(SolutionProperties) = preSolution
		HideSolutionNode = FALSE
	EndGlobalSection
	GlobalSection(ExtensibilityGlobals) = postSolution
		SolutionGuid = {ABE7A28F-175D-4FFB-B2CF-99A23B6BD657}
	EndGlobalSection
EndGlobal
